{
  "nodes": {
    "flake-utils": {
      "locked": {
        "lastModified": 1659877975,
        "narHash": "sha256-zllb8aq3YO3h8B/U0/J1WBgAL8EX5yWf5pMj3G0NAmc=",
        "owner": "numtide",
        "repo": "flake-utils",
        "rev": "c0e246b9b83f637f4681389ecabcb2681b4f3af0",
        "type": "github"
      },
      "original": {
        "owner": "numtide",
        "repo": "flake-utils",
        "type": "github"
      }
    },
    "nixpkgs": {
      "locked": {
        "lastModified": 1661196461,
        "narHash": "sha256-up/Skt86LFdwkZhaSLGz7So0JppBQfD5gIBbsK3FL1M=",
        "owner": "nixos",
        "repo": "nixpkgs",
        "rev": "e2f8343087e0b131562a7c1fef220abccb6d1981",
        "type": "github"
      },
      "original": {
        "owner": "nixos",
        "repo": "nixpkgs",
        "type": "github"
      }
    },
    "poetry2nix": {
      "inputs": {
        "flake-utils": [
          "flake-utils"
        ],
        "nixpkgs": [
          "nixpkgs"
        ]
      },
      "locked": {
        "lastModified": 1661088701,
        "narHash": "sha256-4rVT5a0CTNSxXGLXu3MEVW5K+pr7Yn2AvMt0cMVdfEQ=",
        "owner": "nix-community",
        "repo": "poetry2nix",
        "rev": "11c0df8e348c0f169cd73a2e3d63f65c92baf666",
        "type": "github"
      },
      "original": {
        "owner": "nix-community",
        "repo": "poetry2nix",
        "type": "github"
      }
    },
    "root": {
      "inputs": {
        "flake-utils": "flake-utils",
        "nixpkgs": "nixpkgs",
        "poetry2nix": "poetry2nix"
      }
    }
  },
  "root": "root",
  "version": 7
}
